
Microsoft Visual Studio Solution File, Format Version 12.00
# Visual Studio Version 17
VisualStudioVersion = 17.12.35527.113
MinimumVisualStudioVersion = 10.0.40219.1
Project("{FAE04EC0-301F-11D3-BF4B-00C04F79EFBC}") = "NuDecorr", "NuDecorr\NuDecorr.csproj", "{B73713BA-A8E7-4DF1-83DA-E0FDADEC3503}"
EndProject
Project("{FAE04EC0-301F-11D3-BF4B-00C04F79EFBC}") = "NuDecorr.DataAccess", "Bulky.DataAccess\NuDecorr.DataAccess.csproj", "{0DEE2E7F-9D6A-4867-96BD-185402625BA5}"
EndProject
Project("{FAE04EC0-301F-11D3-BF4B-00C04F79EFBC}") = "NuDecorr.Models", "NuDecorr.Models\NuDecorr.Models.csproj", "{BB2C0A80-FA12-4ED4-8992-E4805BD01A68}"
EndProject
Project("{FAE04EC0-301F-11D3-BF4B-00C04F79EFBC}") = "NuDecorr.Utility", "NuDecorr.Utility\NuDecorr.Utility.csproj", "{AB6831CA-6373-40A1-8F6E-ED02BEEF4AA6}"
EndProject
Global
	GlobalSection(SolutionConfigurationPlatforms) = preSolution
		Debug|Any CPU = Debug|Any CPU
		Release|Any CPU = Release|Any CPU
	EndGlobalSection
	GlobalSection(ProjectConfigurationPlatforms) = postSolution
		{B73713BA-A8E7-4DF1-83DA-E0FDADEC3503}.Debug|Any CPU.ActiveCfg = Debug|Any CPU
		{B73713BA-A8E7-4DF1-83DA-E0FDADEC3503}.Debug|Any CPU.Build.0 = Debug|Any CPU
		{B73713BA-A8E7-4DF1-83DA-E0FDADEC3503}.Release|Any CPU.ActiveCfg = Release|Any CPU
		{B73713BA-A8E7-4DF1-83DA-E0FDADEC3503}.Release|Any CPU.Build.0 = Release|Any CPU
		{0DEE2E7F-9D6A-4867-96BD-185402625BA5}.Debug|Any CPU.ActiveCfg = Debug|Any CPU
		{0DEE2E7F-9D6A-4867-96BD-185402625BA5}.Debug|Any CPU.Build.0 = Debug|Any CPU
		{0DEE2E7F-9D6A-4867-96BD-185402625BA5}.Release|Any CPU.ActiveCfg = Release|Any CPU
		{0DEE2E7F-9D6A-4867-96BD-185402625BA5}.Release|Any CPU.Build.0 = Release|Any CPU
		{BB2C0A80-FA12-4ED4-8992-E4805BD01A68}.Debug|Any CPU.ActiveCfg = Debug|Any CPU
		{BB2C0A80-FA12-4ED4-8992-E4805BD01A68}.Debug|Any CPU.Build.0 = Debug|Any CPU
		{BB2C0A80-FA12-4ED4-8992-E4805BD01A68}.Release|Any CPU.ActiveCfg = Release|Any CPU
		{BB2C0A80-FA12-4ED4-8992-E4805BD01A68}.Release|Any CPU.Build.0 = Release|Any CPU
		{AB6831CA-6373-40A1-8F6E-ED02BEEF4AA6}.Debug|Any CPU.ActiveCfg = Debug|Any CPU
		{AB6831CA-6373-40A1-8F6E-ED02BEEF4AA6}.Debug|Any CPU.Build.0 = Debug|Any CPU
		{AB6831CA-6373-40A1-8F6E-ED02BEEF4AA6}.Release|Any CPU.ActiveCfg = Release|Any CPU
		{AB6831CA-6373-40A1-8F6E-ED02BEEF4AA6}.Release|Any CPU.Build.0 = Release|Any CPU
	EndGlobalSection
	GlobalSection(SolutionProperties) = preSolution
		HideSolutionNode = FALSE
	EndGlobalSection
EndGlobal
